{
  "nodes": {
    "home-manager": {
      "inputs": {
        "nixpkgs": []
      },
      "locked": {
        "lastModified": 1768530555,
        "narHash": "sha256-EBXKDho4t1YSgodAL6C8M3UTm8MGMZNQ9rQnceR5+6c=",
        "owner": "nix-community",
        "repo": "home-manager",
        "rev": "d21bee5abf9fb4a42b2fa7728bf671f8bb246ba6",
        "type": "github"
      },
      "original": {
        "owner": "nix-community",
        "repo": "home-manager",
        "type": "github"
      }
    },
    "root": {
      "inputs": {
        "home-manager": "home-manager"
      }
    }
  },
  "root": "root",
  "version": 7
}
